
Microsoft Visual Studio Solution File, Format Version 12.00
# Visual Studio Version 17
VisualStudioVersion = 17.0.31903.59
MinimumVisualStudioVersion = 10.0.40219.1
Project("{2150E333-8FDC-42A3-9474-1A3956D46DE8}") = "CHECKERSApp", "CHECKERSApp", "{2C5E8FED-1E8D-5DBB-7C8D-7D2DB3D0A020}"
EndProject
Project("{FAE04EC0-301F-11D3-BF4B-00C04F79EFBC}") = "CHECKERS", "CHECKERSApp\CHECKERS\CHECKERS.csproj", "{8483B754-D318-4994-8FE9-12BB0E282A78}"
EndProject
Global
	GlobalSection(SolutionConfigurationPlatforms) = preSolution
		Debug|Any CPU = Debug|Any CPU
		Debug|x64 = Debug|x64
		Debug|x86 = Debug|x86
		Release|Any CPU = Release|Any CPU
		Release|x64 = Release|x64
		Release|x86 = Release|x86
	EndGlobalSection
	GlobalSection(ProjectConfigurationPlatforms) = postSolution
		{8483B754-D318-4994-8FE9-12BB0E282A78}.Debug|Any CPU.ActiveCfg = Debug|Any CPU
		{8483B754-D318-4994-8FE9-12BB0E282A78}.Debug|Any CPU.Build.0 = Debug|Any CPU
		{8483B754-D318-4994-8FE9-12BB0E282A78}.Debug|x64.ActiveCfg = Debug|Any CPU
		{8483B754-D318-4994-8FE9-12BB0E282A78}.Debug|x64.Build.0 = Debug|Any CPU
		{8483B754-D318-4994-8FE9-12BB0E282A78}.Debug|x86.ActiveCfg = Debug|Any CPU
		{8483B754-D318-4994-8FE9-12BB0E282A78}.Debug|x86.Build.0 = Debug|Any CPU
		{8483B754-D318-4994-8FE9-12BB0E282A78}.Release|Any CPU.ActiveCfg = Release|Any CPU
		{8483B754-D318-4994-8FE9-12BB0E282A78}.Release|Any CPU.Build.0 = Release|Any CPU
		{8483B754-D318-4994-8FE9-12BB0E282A78}.Release|x64.ActiveCfg = Release|Any CPU
		{8483B754-D318-4994-8FE9-12BB0E282A78}.Release|x64.Build.0 = Release|Any CPU
		{8483B754-D318-4994-8FE9-12BB0E282A78}.Release|x86.ActiveCfg = Release|Any CPU
		{8483B754-D318-4994-8FE9-12BB0E282A78}.Release|x86.Build.0 = Release|Any CPU
	EndGlobalSection
	GlobalSection(SolutionProperties) = preSolution
		HideSolutionNode = FALSE
	EndGlobalSection
	GlobalSection(NestedProjects) = preSolution
		{8483B754-D318-4994-8FE9-12BB0E282A78} = {2C5E8FED-1E8D-5DBB-7C8D-7D2DB3D0A020}
	EndGlobalSection
EndGlobal
